# This file is automatically @generated by Poetry 1.6.1 and should not be changed by hand.

[[package]]
name = "kazoo"
version = "2.9.0"
description = "\"Higher Level Zookeeper Client\""
optional = false
python-versions = "*"
files = [
    {file = "kazoo-2.9.0-py2.py3-none-any.whl", hash = "sha256:b73dd6829ae6b3a78cd37ba393749f9d30860dbe39debb27c36eff159949a14e"},
    {file = "kazoo-2.9.0.tar.gz", hash = "sha256:800318c7f3dab648cdf616dfb25bdabeefab2a6837aa6951e0fa3ff80e656969"},
]

[package.dependencies]
six = "*"

[package.extras]
alldeps = ["Sphinx (>=1.2.2)", "eventlet (>=0.17.1)", "flake8", "gevent (>=1.2)", "pure-sasl (>=0.5.1)"]
dev = ["flake8"]
docs = ["Sphinx (>=1.2.2)"]
eventlet = ["eventlet (>=0.17.1)"]
gevent = ["gevent (>=1.2)"]
sasl = ["pure-sasl (>=0.5.1)"]
test = ["eventlet (>=0.17.1)", "gevent (>=1.2)", "mock", "objgraph", "pytest", "pytest-cov"]

[[package]]
name = "six"
version = "1.16.0"
description = "Python 2 and 3 compatibility utilities"
optional = false
python-versions = ">=2.7, !=3.0.*, !=3.1.*, !=3.2.*"
files = [
    {file = "six-1.16.0-py2.py3-none-any.whl", hash = "sha256:8abb2f1d86890a2dfb989f9a77cfcfd3e47c2a354b01111771326f8aa26e0254"},
    {file = "six-1.16.0.tar.gz", hash = "sha256:1e61c37477a1626458e36f7b1d82aa5c9b094fa4802892072e49de9c60c4c926"},
]

[metadata]
lock-version = "2.0"
python-versions = "^3.10"
content-hash = "08f5589461c14d16995b5ed7b8b0144a69402b14b29bbbe284e428eb8b694e3a"
